
Microsoft Visual Studio Solution File, Format Version 12.00
# Visual Studio Version 17
VisualStudioVersion = 17.11.35327.3
MinimumVisualStudioVersion = 10.0.40219.1
Project("{8BC9CEB8-8B4A-11D0-8D11-00A0C91BC942}") = "ProjectThirteen", "ProjectThirteen\ProjectThirteen.vcxproj", "{7252A267-7D9A-4907-AEF4-D59EABE6387C}"
EndProject
Global
	GlobalSection(SolutionConfigurationPlatforms) = preSolution
		Debug|x64 = Debug|x64
		Debug|x86 = Debug|x86
		Release|x64 = Release|x64
		Release|x86 = Release|x86
	EndGlobalSection
	GlobalSection(ProjectConfigurationPlatforms) = postSolution
		{7252A267-7D9A-4907-AEF4-D59EABE6387C}.Debug|x64.ActiveCfg = Debug|x64
		{7252A267-7D9A-4907-AEF4-D59EABE6387C}.Debug|x64.Build.0 = Debug|x64
		{7252A267-7D9A-4907-AEF4-D59EABE6387C}.Debug|x86.ActiveCfg = Debug|Win32
		{7252A267-7D9A-4907-AEF4-D59EABE6387C}.Debug|x86.Build.0 = Debug|Win32
		{7252A267-7D9A-4907-AEF4-D59EABE6387C}.Release|x64.ActiveCfg = Release|x64
		{7252A267-7D9A-4907-AEF4-D59EABE6387C}.Release|x64.Build.0 = Release|x64
		{7252A267-7D9A-4907-AEF4-D59EABE6387C}.Release|x86.ActiveCfg = Release|Win32
		{7252A267-7D9A-4907-AEF4-D59EABE6387C}.Release|x86.Build.0 = Release|Win32
	EndGlobalSection
	GlobalSection(SolutionProperties) = preSolution
		HideSolutionNode = FALSE
	EndGlobalSection
	GlobalSection(ExtensibilityGlobals) = postSolution
		SolutionGuid = {47664C8C-C359-41A4-B4B7-08BB12595705}
	EndGlobalSection
EndGlobal
