
Microsoft Visual Studio Solution File, Format Version 12.00
# Visual Studio Version 17
VisualStudioVersion = 17.11.35327.3
MinimumVisualStudioVersion = 10.0.40219.1
Project("{8BC9CEB8-8B4A-11D0-8D11-00A0C91BC942}") = "Project24", "Project24\Project24.vcxproj", "{6F1EBBDE-2D28-4ED5-AD8A-E67AEDDE38FF}"
EndProject
Global
	GlobalSection(SolutionConfigurationPlatforms) = preSolution
		Debug|x64 = Debug|x64
		Debug|x86 = Debug|x86
		Release|x64 = Release|x64
		Release|x86 = Release|x86
	EndGlobalSection
	GlobalSection(ProjectConfigurationPlatforms) = postSolution
		{6F1EBBDE-2D28-4ED5-AD8A-E67AEDDE38FF}.Debug|x64.ActiveCfg = Debug|x64
		{6F1EBBDE-2D28-4ED5-AD8A-E67AEDDE38FF}.Debug|x64.Build.0 = Debug|x64
		{6F1EBBDE-2D28-4ED5-AD8A-E67AEDDE38FF}.Debug|x86.ActiveCfg = Debug|Win32
		{6F1EBBDE-2D28-4ED5-AD8A-E67AEDDE38FF}.Debug|x86.Build.0 = Debug|Win32
		{6F1EBBDE-2D28-4ED5-AD8A-E67AEDDE38FF}.Release|x64.ActiveCfg = Release|x64
		{6F1EBBDE-2D28-4ED5-AD8A-E67AEDDE38FF}.Release|x64.Build.0 = Release|x64
		{6F1EBBDE-2D28-4ED5-AD8A-E67AEDDE38FF}.Release|x86.ActiveCfg = Release|Win32
		{6F1EBBDE-2D28-4ED5-AD8A-E67AEDDE38FF}.Release|x86.Build.0 = Release|Win32
	EndGlobalSection
	GlobalSection(SolutionProperties) = preSolution
		HideSolutionNode = FALSE
	EndGlobalSection
	GlobalSection(ExtensibilityGlobals) = postSolution
		SolutionGuid = {193B1E40-E8CC-4131-83CC-59A8DDC302BA}
	EndGlobalSection
EndGlobal
